
Microsoft Visual Studio Solution File, Format Version 12.00
# Visual Studio Version 16
VisualStudioVersion = 16.0.31911.196
MinimumVisualStudioVersion = 10.0.40219.1
Project("{FAE04EC0-301F-11D3-BF4B-00C04F79EFBC}") = "SteamAchievementHunterWeb", "SteamAchievementHunterWeb\SteamAchievementHunterWeb.csproj", "{94377233-3C03-4EA5-8310-4F6C9FE4E62F}"
EndProject
Global
	GlobalSection(SolutionConfigurationPlatforms) = preSolution
		Debug|Any CPU = Debug|Any CPU
		Release|Any CPU = Release|Any CPU
	EndGlobalSection
	GlobalSection(ProjectConfigurationPlatforms) = postSolution
		{94377233-3C03-4EA5-8310-4F6C9FE4E62F}.Debug|Any CPU.ActiveCfg = Debug|Any CPU
		{94377233-3C03-4EA5-8310-4F6C9FE4E62F}.Debug|Any CPU.Build.0 = Debug|Any CPU
		{94377233-3C03-4EA5-8310-4F6C9FE4E62F}.Release|Any CPU.ActiveCfg = Release|Any CPU
		{94377233-3C03-4EA5-8310-4F6C9FE4E62F}.Release|Any CPU.Build.0 = Release|Any CPU
	EndGlobalSection
	GlobalSection(SolutionProperties) = preSolution
		HideSolutionNode = FALSE
	EndGlobalSection
	GlobalSection(ExtensibilityGlobals) = postSolution
		SolutionGuid = {6582C307-AAFD-4114-B6F4-C85E6A11C280}
	EndGlobalSection
EndGlobal
